
Microsoft Visual Studio Solution File, Format Version 12.00
# Visual Studio Version 17
VisualStudioVersion = 17.6.33723.286
MinimumVisualStudioVersion = 10.0.40219.1
Project("{FAE04EC0-301F-11D3-BF4B-00C04F79EFBC}") = "PS28709_QuanBichVan_lab7", "PS28709_QuanBichVan_lab7.csproj", "{89679CFC-95DC-469E-9625-B2DED3FD9497}"
EndProject
Global
	GlobalSection(SolutionConfigurationPlatforms) = preSolution
		Debug|Any CPU = Debug|Any CPU
		Release|Any CPU = Release|Any CPU
	EndGlobalSection
	GlobalSection(ProjectConfigurationPlatforms) = postSolution
		{89679CFC-95DC-469E-9625-B2DED3FD9497}.Debug|Any CPU.ActiveCfg = Debug|Any CPU
		{89679CFC-95DC-469E-9625-B2DED3FD9497}.Debug|Any CPU.Build.0 = Debug|Any CPU
		{89679CFC-95DC-469E-9625-B2DED3FD9497}.Release|Any CPU.ActiveCfg = Release|Any CPU
		{89679CFC-95DC-469E-9625-B2DED3FD9497}.Release|Any CPU.Build.0 = Release|Any CPU
	EndGlobalSection
	GlobalSection(SolutionProperties) = preSolution
		HideSolutionNode = FALSE
	EndGlobalSection
	GlobalSection(ExtensibilityGlobals) = postSolution
		SolutionGuid = {69E6DF51-86FA-4A18-8FF0-EC11F8C9B39D}
	EndGlobalSection
EndGlobal
