
Microsoft Visual Studio Solution File, Format Version 12.00
# Visual Studio Version 17
VisualStudioVersion = 17.4.33122.133
MinimumVisualStudioVersion = 10.0.40219.1
Project("{FAE04EC0-301F-11D3-BF4B-00C04F79EFBC}") = "ASM_PS28709_QuanBichVan_SD18322", "ASM_PS28709_QuanBichVan_SD18322.csproj", "{F095F6EC-2D62-4BE7-9B76-2E4361D09717}"
EndProject
Global
	GlobalSection(SolutionConfigurationPlatforms) = preSolution
		Debug|Any CPU = Debug|Any CPU
		Release|Any CPU = Release|Any CPU
	EndGlobalSection
	GlobalSection(ProjectConfigurationPlatforms) = postSolution
		{F095F6EC-2D62-4BE7-9B76-2E4361D09717}.Debug|Any CPU.ActiveCfg = Debug|Any CPU
		{F095F6EC-2D62-4BE7-9B76-2E4361D09717}.Debug|Any CPU.Build.0 = Debug|Any CPU
		{F095F6EC-2D62-4BE7-9B76-2E4361D09717}.Release|Any CPU.ActiveCfg = Release|Any CPU
		{F095F6EC-2D62-4BE7-9B76-2E4361D09717}.Release|Any CPU.Build.0 = Release|Any CPU
	EndGlobalSection
	GlobalSection(SolutionProperties) = preSolution
		HideSolutionNode = FALSE
	EndGlobalSection
	GlobalSection(ExtensibilityGlobals) = postSolution
		SolutionGuid = {8B50401C-CAEF-49C1-A458-231618A8CB4E}
	EndGlobalSection
EndGlobal
